// !$*UTF8*$!
{
	archiveVersion = 1;
	classes = {
	};
	objectVersion = 56;
	objects = {

/* Begin PBXBuildFile section */
		B61E396F2B3C3D6F00188261 /* MyCVApp.swift in Sources */ = {isa = PBXBuildFile; fileRef = B61E396E2B3C3D6F00188261 /* MyCVApp.swift */; };
		B61E39712B3C3D6F00188261 /* ContentView.swift in Sources */ = {isa = PBXBuildFile; fileRef = B61E39702B3C3D6F00188261 /* ContentView.swift */; };
		B61E39732B3C3D7100188261 /* Assets.xcassets in Resources */ = {isa = PBXBuildFile; fileRef = B61E39722B3C3D7100188261 /* Assets.xcassets */; };
		B61E39762B3C3D7100188261 /* Preview Assets.xcassets in Resources */ = {isa = PBXBuildFile; fileRef = B61E39752B3C3D7100188261 /* Preview Assets.xcassets */; };
		B61E39802B3C3D7200188261 /* MyCVTests.swift in Sources */ = {isa = PBXBuildFile; fileRef = B61E397F2B3C3D7200188261 /* MyCVTests.swift */; };
		B61E398A2B3C3D7200188261 /* MyCVUITests.swift in Sources */ = {isa = PBXBuildFile; fileRef = B61E39892B3C3D7200188261 /* MyCVUITests.swift */; };
		B61E398C2B3C3D7200188261 /* MyCVUITestsLaunchTests.swift in Sources */ = {isa = PBXBuildFile; fileRef = B61E398B2B3C3D7200188261 /* MyCVUITestsLaunchTests.swift */; };
		B61E399A2B3C67D200188261 /* Home.swift in Sources */ = {isa = PBXBuildFile; fileRef = B61E39992B3C67D200188261 /* Home.swift */; };
		B61E399C2B3C682100188261 /* Projects.swift in Sources */ = {isa = PBXBuildFile; fileRef = B61E399B2B3C682100188261 /* Projects.swift */; };
		B61E399E2B3C684A00188261 /* Certifications.swift in Sources */ = {isa = PBXBuildFile; fileRef = B61E399D2B3C684A00188261 /* Certifications.swift */; };
		B61E39A52B3CB98300188261 /* Experience.swift in Sources */ = {isa = PBXBuildFile; fileRef = B61E39A42B3CB98300188261 /* Experience.swift */; };
		B61E39A72B3CC43200188261 /* Education.swift in Sources */ = {isa = PBXBuildFile; fileRef = B61E39A62B3CC43200188261 /* Education.swift */; };
		B61E39A92B3D90F300188261 /* Constants.swift in Sources */ = {isa = PBXBuildFile; fileRef = B61E39A82B3D90F300188261 /* Constants.swift */; };
/* End PBXBuildFile section */

/* Begin PBXContainerItemProxy section */
		B61E397C2B3C3D7200188261 /* PBXContainerItemProxy */ = {
			isa = PBXContainerItemProxy;
			containerPortal = B61E39632B3C3D6F00188261 /* Project object */;
			proxyType = 1;
			remoteGlobalIDString = B61E396A2B3C3D6F00188261;
			remoteInfo = MyCV;
		};
		B61E39862B3C3D7200188261 /* PBXContainerItemProxy */ = {
			isa = PBXContainerItemProxy;
			containerPortal = B61E39632B3C3D6F00188261 /* Project object */;
			proxyType = 1;
			remoteGlobalIDString = B61E396A2B3C3D6F00188261;
			remoteInfo = MyCV;
		};
/* End PBXContainerItemProxy section */

/* Begin PBXFileReference section */
		B61E396B2B3C3D6F00188261 /* MyCV.app */ = {isa = PBXFileReference; explicitFileType = wrapper.application; includeInIndex = 0; path = MyCV.app; sourceTree = BUILT_PRODUCTS_DIR; };
		B61E396E2B3C3D6F00188261 /* MyCVApp.swift */ = {isa = PBXFileReference; lastKnownFileType = sourcecode.swift; path = MyCVApp.swift; sourceTree = "<group>"; };
		B61E39702B3C3D6F00188261 /* ContentView.swift */ = {isa = PBXFileReference; lastKnownFileType = sourcecode.swift; path = ContentView.swift; sourceTree = "<group>"; };
		B61E39722B3C3D7100188261 /* Assets.xcassets */ = {isa = PBXFileReference; lastKnownFileType = folder.assetcatalog; path = Assets.xcassets; sourceTree = "<group>"; };
		B61E39752B3C3D7100188261 /* Preview Assets.xcassets */ = {isa = PBXFileReference; lastKnownFileType = folder.assetcatalog; path = "Preview Assets.xcassets"; sourceTree = "<group>"; };
		B61E397B2B3C3D7200188261 /* MyCVTests.xctest */ = {isa = PBXFileReference; explicitFileType = wrapper.cfbundle; includeInIndex = 0; path = MyCVTests.xctest; sourceTree = BUILT_PRODUCTS_DIR; };
		B61E397F2B3C3D7200188261 /* MyCVTests.swift */ = {isa = PBXFileReference; lastKnownFileType = sourcecode.swift; path = MyCVTests.swift; sourceTree = "<group>"; };
		B61E39852B3C3D7200188261 /* MyCVUITests.xctest */ = {isa = PBXFileReference; explicitFileType = wrapper.cfbundle; includeInIndex = 0; path = MyCVUITests.xctest; sourceTree = BUILT_PRODUCTS_DIR; };
		B61E39892B3C3D7200188261 /* MyCVUITests.swift */ = {isa = PBXFileReference; lastKnownFileType = sourcecode.swift; path = MyCVUITests.swift; sourceTree = "<group>"; };
		B61E398B2B3C3D7200188261 /* MyCVUITestsLaunchTests.swift */ = {isa = PBXFileReference; lastKnownFileType = sourcecode.swift; path = MyCVUITestsLaunchTests.swift; sourceTree = "<group>"; };
		B61E39992B3C67D200188261 /* Home.swift */ = {isa = PBXFileReference; lastKnownFileType = sourcecode.swift; path = Home.swift; sourceTree = "<group>"; };
		B61E399B2B3C682100188261 /* Projects.swift */ = {isa = PBXFileReference; lastKnownFileType = sourcecode.swift; path = Projects.swift; sourceTree = "<group>"; };
		B61E399D2B3C684A00188261 /* Certifications.swift */ = {isa = PBXFileReference; lastKnownFileType = sourcecode.swift; path = Certifications.swift; sourceTree = "<group>"; };
		B61E39A42B3CB98300188261 /* Experience.swift */ = {isa = PBXFileReference; lastKnownFileType = sourcecode.swift; path = Experience.swift; sourceTree = "<group>"; };
		B61E39A62B3CC43200188261 /* Education.swift */ = {isa = PBXFileReference; lastKnownFileType = sourcecode.swift; path = Education.swift; sourceTree = "<group>"; };
		B61E39A82B3D90F300188261 /* Constants.swift */ = {isa = PBXFileReference; lastKnownFileType = sourcecode.swift; path = Constants.swift; sourceTree = "<group>"; usesTabs = 0; };
/* End PBXFileReference section */

/* Begin PBXFrameworksBuildPhase section */
		B61E39682B3C3D6F00188261 /* Frameworks */ = {
			isa = PBXFrameworksBuildPhase;
			buildActionMask = 2147483647;
			files = (
			);
			runOnlyForDeploymentPostprocessing = 0;
		};
		B61E39782B3C3D7200188261 /* Frameworks */ = {
			isa = PBXFrameworksBuildPhase;
			buildActionMask = 2147483647;
			files = (
			);
			runOnlyForDeploymentPostprocessing = 0;
		};
		B61E39822B3C3D7200188261 /* Frameworks */ = {
			isa = PBXFrameworksBuildPhase;
			buildActionMask = 2147483647;
			files = (
			);
			runOnlyForDeploymentPostprocessing = 0;
		};
/* End PBXFrameworksBuildPhase section */

/* Begin PBXGroup section */
		B61E39622B3C3D6F00188261 = {
			isa = PBXGroup;
			children = (
				B61E396D2B3C3D6F00188261 /* MyCV */,
				B61E397E2B3C3D7200188261 /* MyCVTests */,
				B61E39882B3C3D7200188261 /* MyCVUITests */,
				B61E396C2B3C3D6F00188261 /* Products */,
			);
			sourceTree = "<group>";
		};
		B61E396C2B3C3D6F00188261 /* Products */ = {
			isa = PBXGroup;
			children = (
				B61E396B2B3C3D6F00188261 /* MyCV.app */,
				B61E397B2B3C3D7200188261 /* MyCVTests.xctest */,
				B61E39852B3C3D7200188261 /* MyCVUITests.xctest */,
			);
			name = Products;
			sourceTree = "<group>";
		};
		B61E396D2B3C3D6F00188261 /* MyCV */ = {
			isa = PBXGroup;
			children = (
				B61E396E2B3C3D6F00188261 /* MyCVApp.swift */,
				B61E39702B3C3D6F00188261 /* ContentView.swift */,
				B61E39A82B3D90F300188261 /* Constants.swift */,
				B61E39982B3C67B300188261 /* Views */,
				B61E39722B3C3D7100188261 /* Assets.xcassets */,
				B61E39742B3C3D7100188261 /* Preview Content */,
			);
			path = MyCV;
			sourceTree = "<group>";
		};
		B61E39742B3C3D7100188261 /* Preview Content */ = {
			isa = PBXGroup;
			children = (
				B61E39752B3C3D7100188261 /* Preview Assets.xcassets */,
			);
			path = "Preview Content";
			sourceTree = "<group>";
		};
		B61E397E2B3C3D7200188261 /* MyCVTests */ = {
			isa = PBXGroup;
			children = (
				B61E397F2B3C3D7200188261 /* MyCVTests.swift */,
			);
			path = MyCVTests;
			sourceTree = "<group>";
		};
		B61E39882B3C3D7200188261 /* MyCVUITests */ = {
			isa = PBXGroup;
			children = (
				B61E39892B3C3D7200188261 /* MyCVUITests.swift */,
				B61E398B2B3C3D7200188261 /* MyCVUITestsLaunchTests.swift */,
			);
			path = MyCVUITests;
			sourceTree = "<group>";
		};
		B61E39982B3C67B300188261 /* Views */ = {
			isa = PBXGroup;
			children = (
				B61E39992B3C67D200188261 /* Home.swift */,
				B61E399B2B3C682100188261 /* Projects.swift */,
				B61E399D2B3C684A00188261 /* Certifications.swift */,
				B61E39A42B3CB98300188261 /* Experience.swift */,
				B61E39A62B3CC43200188261 /* Education.swift */,
			);
			path = Views;
			sourceTree = "<group>";
		};
/* End PBXGroup section */

/* Begin PBXNativeTarget section */
		B61E396A2B3C3D6F00188261 /* MyCV */ = {
			isa = PBXNativeTarget;
			buildConfigurationList = B61E398F2B3C3D7200188261 /* Build configuration list for PBXNativeTarget "MyCV" */;
			buildPhases = (
				B61E39672B3C3D6F00188261 /* Sources */,
				B61E39682B3C3D6F00188261 /* Frameworks */,
				B61E39692B3C3D6F00188261 /* Resources */,
			);
			buildRules = (
			);
			dependencies = (
			);
			name = MyCV;
			productName = MyCV;
			productReference = B61E396B2B3C3D6F00188261 /* MyCV.app */;
			productType = "com.apple.product-type.application";
		};
		B61E397A2B3C3D7200188261 /* MyCVTests */ = {
			isa = PBXNativeTarget;
			buildConfigurationList = B61E39922B3C3D7200188261 /* Build configuration list for PBXNativeTarget "MyCVTests" */;
			buildPhases = (
				B61E39772B3C3D7200188261 /* Sources */,
				B61E39782B3C3D7200188261 /* Frameworks */,
				B61E39792B3C3D7200188261 /* Resources */,
			);
			buildRules = (
			);
			dependencies = (
				B61E397D2B3C3D7200188261 /* PBXTargetDependency */,
			);
			name = MyCVTests;
			productName = MyCVTests;
			productReference = B61E397B2B3C3D7200188261 /* MyCVTests.xctest */;
			productType = "com.apple.product-type.bundle.unit-test";
		};
		B61E39842B3C3D7200188261 /* MyCVUITests */ = {
			isa = PBXNativeTarget;
			buildConfigurationList = B61E39952B3C3D7200188261 /* Build configuration list for PBXNativeTarget "MyCVUITests" */;
			buildPhases = (
				B61E39812B3C3D7200188261 /* Sources */,
				B61E39822B3C3D7200188261 /* Frameworks */,
				B61E39832B3C3D7200188261 /* Resources */,
			);
			buildRules = (
			);
			dependencies = (
				B61E39872B3C3D7200188261 /* PBXTargetDependency */,
			);
			name = MyCVUITests;
			productName = MyCVUITests;
			productReference = B61E39852B3C3D7200188261 /* MyCVUITests.xctest */;
			productType = "com.apple.product-type.bundle.ui-testing";
		};
/* End PBXNativeTarget section */

/* Begin PBXProject section */
		B61E39632B3C3D6F00188261 /* Project object */ = {
			isa = PBXProject;
			attributes = {
				BuildIndependentTargetsInParallel = 1;
				LastSwiftUpdateCheck = 1510;
				LastUpgradeCheck = 1510;
				TargetAttributes = {
					B61E396A2B3C3D6F00188261 = {
						CreatedOnToolsVersion = 15.1;
					};
					B61E397A2B3C3D7200188261 = {
						CreatedOnToolsVersion = 15.1;
						TestTargetID = B61E396A2B3C3D6F00188261;
					};
					B61E39842B3C3D7200188261 = {
						CreatedOnToolsVersion = 15.1;
						TestTargetID = B61E396A2B3C3D6F00188261;
					};
				};
			};
			buildConfigurationList = B61E39662B3C3D6F00188261 /* Build configuration list for PBXProject "MyCV" */;
			compatibilityVersion = "Xcode 14.0";
			developmentRegion = en;
			hasScannedForEncodings = 0;
			knownRegions = (
				en,
				Base,
			);
			mainGroup = B61E39622B3C3D6F00188261;
			productRefGroup = B61E396C2B3C3D6F00188261 /* Products */;
			projectDirPath = "";
			projectRoot = "";
			targets = (
				B61E396A2B3C3D6F00188261 /* MyCV */,
				B61E397A2B3C3D7200188261 /* MyCVTests */,
				B61E39842B3C3D7200188261 /* MyCVUITests */,
			);
		};
/* End PBXProject section */

/* Begin PBXResourcesBuildPhase section */
		B61E39692B3C3D6F00188261 /* Resources */ = {
			isa = PBXResourcesBuildPhase;
			buildActionMask = 2147483647;
			files = (
				B61E39762B3C3D7100188261 /* Preview Assets.xcassets in Resources */,
				B61E39732B3C3D7100188261 /* Assets.xcassets in Resources */,
			);
			runOnlyForDeploymentPostprocessing = 0;
		};
		B61E39792B3C3D7200188261 /* Resources */ = {
			isa = PBXResourcesBuildPhase;
			buildActionMask = 2147483647;
			files = (
			);
			runOnlyForDeploymentPostprocessing = 0;
		};
		B61E39832B3C3D7200188261 /* Resources */ = {
			isa = PBXResourcesBuildPhase;
			buildActionMask = 2147483647;
			files = (
			);
			runOnlyForDeploymentPostprocessing = 0;
		};
/* End PBXResourcesBuildPhase section */

/* Begin PBXSourcesBuildPhase section */
		B61E39672B3C3D6F00188261 /* Sources */ = {
			isa = PBXSourcesBuildPhase;
			buildActionMask = 2147483647;
			files = (
				B61E39A72B3CC43200188261 /* Education.swift in Sources */,
				B61E399E2B3C684A00188261 /* Certifications.swift in Sources */,
				B61E39712B3C3D6F00188261 /* ContentView.swift in Sources */,
				B61E399A2B3C67D200188261 /* Home.swift in Sources */,
				B61E39A52B3CB98300188261 /* Experience.swift in Sources */,
				B61E396F2B3C3D6F00188261 /* MyCVApp.swift in Sources */,
				B61E399C2B3C682100188261 /* Projects.swift in Sources */,
				B61E39A92B3D90F300188261 /* Constants.swift in Sources */,
			);
			runOnlyForDeploymentPostprocessing = 0;
		};
		B61E39772B3C3D7200188261 /* Sources */ = {
			isa = PBXSourcesBuildPhase;
			buildActionMask = 2147483647;
			files = (
				B61E39802B3C3D7200188261 /* MyCVTests.swift in Sources */,
			);
			runOnlyForDeploymentPostprocessing = 0;
		};
		B61E39812B3C3D7200188261 /* Sources */ = {
			isa = PBXSourcesBuildPhase;
			buildActionMask = 2147483647;
			files = (
				B61E398A2B3C3D7200188261 /* MyCVUITests.swift in Sources */,
				B61E398C2B3C3D7200188261 /* MyCVUITestsLaunchTests.swift in Sources */,
			);
			runOnlyForDeploymentPostprocessing = 0;
		};
/* End PBXSourcesBuildPhase section */

/* Begin PBXTargetDependency section */
		B61E397D2B3C3D7200188261 /* PBXTargetDependency */ = {
			isa = PBXTargetDependency;
			target = B61E396A2B3C3D6F00188261 /* MyCV */;
			targetProxy = B61E397C2B3C3D7200188261 /* PBXContainerItemProxy */;
		};
		B61E39872B3C3D7200188261 /* PBXTargetDependency */ = {
			isa = PBXTargetDependency;
			target = B61E396A2B3C3D6F00188261 /* MyCV */;
			targetProxy = B61E39862B3C3D7200188261 /* PBXContainerItemProxy */;
		};
/* End PBXTargetDependency section */

/* Begin XCBuildConfiguration section */
		B61E398D2B3C3D7200188261 /* Debug */ = {
			isa = XCBuildConfiguration;
			buildSettings = {
				ALWAYS_SEARCH_USER_PATHS = NO;
				ASSETCATALOG_COMPILER_GENERATE_SWIFT_ASSET_SYMBOL_EXTENSIONS = YES;
				CLANG_ANALYZER_NONNULL = YES;
				CLANG_ANALYZER_NUMBER_OBJECT_CONVERSION = YES_AGGRESSIVE;
				CLANG_CXX_LANGUAGE_STANDARD = "gnu++20";
				CLANG_ENABLE_MODULES = YES;
				CLANG_ENABLE_OBJC_ARC = YES;
				CLANG_ENABLE_OBJC_WEAK = YES;
				CLANG_WARN_BLOCK_CAPTURE_AUTORELEASING = YES;
				CLANG_WARN_BOOL_CONVERSION = YES;
				CLANG_WARN_COMMA = YES;
				CLANG_WARN_CONSTANT_CONVERSION = YES;
				CLANG_WARN_DEPRECATED_OBJC_IMPLEMENTATIONS = YES;
				CLANG_WARN_DIRECT_OBJC_ISA_USAGE = YES_ERROR;
				CLANG_WARN_DOCUMENTATION_COMMENTS = YES;
				CLANG_WARN_EMPTY_BODY = YES;
				CLANG_WARN_ENUM_CONVERSION = YES;
				CLANG_WARN_INFINITE_RECURSION = YES;
				CLANG_WARN_INT_CONVERSION = YES;
				CLANG_WARN_NON_LITERAL_NULL_CONVERSION = YES;
				CLANG_WARN_OBJC_IMPLICIT_RETAIN_SELF = YES;
				CLANG_WARN_OBJC_LITERAL_CONVERSION = YES;
				CLANG_WARN_OBJC_ROOT_CLASS = YES_ERROR;
				CLANG_WARN_QUOTED_INCLUDE_IN_FRAMEWORK_HEADER = YES;
				CLANG_WARN_RANGE_LOOP_ANALYSIS = YES;
				CLANG_WARN_STRICT_PROTOTYPES = YES;
				CLANG_WARN_SUSPICIOUS_MOVE = YES;
				CLANG_WARN_UNGUARDED_AVAILABILITY = YES_AGGRESSIVE;
				CLANG_WARN_UNREACHABLE_CODE = YES;
				CLANG_WARN__DUPLICATE_METHOD_MATCH = YES;
				COPY_PHASE_STRIP = NO;
				DEBUG_INFORMATION_FORMAT = dwarf;
				ENABLE_STRICT_OBJC_MSGSEND = YES;
				ENABLE_TESTABILITY = YES;
				ENABLE_USER_SCRIPT_SANDBOXING = YES;
				GCC_C_LANGUAGE_STANDARD = gnu17;
				GCC_DYNAMIC_NO_PIC = NO;
				GCC_NO_COMMON_BLOCKS = YES;
				GCC_OPTIMIZATION_LEVEL = 0;
				GCC_PREPROCESSOR_DEFINITIONS = (
					"DEBUG=1",
					"$(inherited)",
				);
				GCC_WARN_64_TO_32_BIT_CONVERSION = YES;
				GCC_WARN_ABOUT_RETURN_TYPE = YES_ERROR;
				GCC_WARN_UNDECLARED_SELECTOR = YES;
				GCC_WARN_UNINITIALIZED_AUTOS = YES_AGGRESSIVE;
				GCC_WARN_UNUSED_FUNCTION = YES;
				GCC_WARN_UNUSED_VARIABLE = YES;
				IPHONEOS_DEPLOYMENT_TARGET = 17.2;
				LOCALIZATION_PREFERS_STRING_CATALOGS = YES;
				MTL_ENABLE_DEBUG_INFO = INCLUDE_SOURCE;
				MTL_FAST_MATH = YES;
				ONLY_ACTIVE_ARCH = YES;
				SDKROOT = iphoneos;
				SWIFT_ACTIVE_COMPILATION_CONDITIONS = "DEBUG $(inherited)";
				SWIFT_OPTIMIZATION_LEVEL = "-Onone";
			};
			name = Debug;
		};
		B61E398E2B3C3D7200188261 /* Release */ = {
			isa = XCBuildConfiguration;
			buildSettings = {
				ALWAYS_SEARCH_USER_PATHS = NO;
				ASSETCATALOG_COMPILER_GENERATE_SWIFT_ASSET_SYMBOL_EXTENSIONS = YES;
				CLANG_ANALYZER_NONNULL = YES;
				CLANG_ANALYZER_NUMBER_OBJECT_CONVERSION = YES_AGGRESSIVE;
				CLANG_CXX_LANGUAGE_STANDARD = "gnu++20";
				CLANG_ENABLE_MODULES = YES;
				CLANG_ENABLE_OBJC_ARC = YES;
				CLANG_ENABLE_OBJC_WEAK = YES;
				CLANG_WARN_BLOCK_CAPTURE_AUTORELEASING = YES;
				CLANG_WARN_BOOL_CONVERSION = YES;
				CLANG_WARN_COMMA = YES;
				CLANG_WARN_CONSTANT_CONVERSION = YES;
				CLANG_WARN_DEPRECATED_OBJC_IMPLEMENTATIONS = YES;
				CLANG_WARN_DIRECT_OBJC_ISA_USAGE = YES_ERROR;
				CLANG_WARN_DOCUMENTATION_COMMENTS = YES;
				CLANG_WARN_EMPTY_BODY = YES;
				CLANG_WARN_ENUM_CONVERSION = YES;
				CLANG_WARN_INFINITE_RECURSION = YES;
				CLANG_WARN_INT_CONVERSION = YES;
				CLANG_WARN_NON_LITERAL_NULL_CONVERSION = YES;
				CLANG_WARN_OBJC_IMPLICIT_RETAIN_SELF = YES;
				CLANG_WARN_OBJC_LITERAL_CONVERSION = YES;
				CLANG_WARN_OBJC_ROOT_CLASS = YES_ERROR;
				CLANG_WARN_QUOTED_INCLUDE_IN_FRAMEWORK_HEADER = YES;
				CLANG_WARN_RANGE_LOOP_ANALYSIS = YES;
				CLANG_WARN_STRICT_PROTOTYPES = YES;
				CLANG_WARN_SUSPICIOUS_MOVE = YES;
				CLANG_WARN_UNGUARDED_AVAILABILITY = YES_AGGRESSIVE;
				CLANG_WARN_UNREACHABLE_CODE = YES;
				CLANG_WARN__DUPLICATE_METHOD_MATCH = YES;
				COPY_PHASE_STRIP = NO;
				DEBUG_INFORMATION_FORMAT = "dwarf-with-dsym";
				ENABLE_NS_ASSERTIONS = NO;
				ENABLE_STRICT_OBJC_MSGSEND = YES;
				ENABLE_USER_SCRIPT_SANDBOXING = YES;
				GCC_C_LANGUAGE_STANDARD = gnu17;
				GCC_NO_COMMON_BLOCKS = YES;
				GCC_WARN_64_TO_32_BIT_CONVERSION = YES;
				GCC_WARN_ABOUT_RETURN_TYPE = YES_ERROR;
				GCC_WARN_UNDECLARED_SELECTOR = YES;
				GCC_WARN_UNINITIALIZED_AUTOS = YES_AGGRESSIVE;
				GCC_WARN_UNUSED_FUNCTION = YES;
				GCC_WARN_UNUSED_VARIABLE = YES;
				IPHONEOS_DEPLOYMENT_TARGET = 17.2;
				LOCALIZATION_PREFERS_STRING_CATALOGS = YES;
				MTL_ENABLE_DEBUG_INFO = NO;
				MTL_FAST_MATH = YES;
				SDKROOT = iphoneos;
				SWIFT_COMPILATION_MODE = wholemodule;
				VALIDATE_PRODUCT = YES;
			};
			name = Release;
		};
		B61E39902B3C3D7200188261 /* Debug */ = {
			isa = XCBuildConfiguration;
			buildSettings = {
				ASSETCATALOG_COMPILER_APPICON_NAME = AppIcon;
				ASSETCATALOG_COMPILER_GLOBAL_ACCENT_COLOR_NAME = AccentColor;
				CODE_SIGN_IDENTITY = "Apple Development";
				CODE_SIGN_STYLE = Automatic;
				CURRENT_PROJECT_VERSION = 1;
				DEVELOPMENT_ASSET_PATHS = "\"MyCV/Preview Content\"";
				DEVELOPMENT_TEAM = BWT3NJX9MX;
				ENABLE_PREVIEWS = YES;
				GENERATE_INFOPLIST_FILE = YES;
				INFOPLIST_KEY_UIApplicationSceneManifest_Generation = YES;
				INFOPLIST_KEY_UIApplicationSupportsIndirectInputEvents = YES;
				INFOPLIST_KEY_UILaunchScreen_Generation = YES;
				INFOPLIST_KEY_UISupportedInterfaceOrientations_iPad = "UIInterfaceOrientationPortrait UIInterfaceOrientationPortraitUpsideDown UIInterfaceOrientationLandscapeLeft UIInterfaceOrientationLandscapeRight";
				INFOPLIST_KEY_UISupportedInterfaceOrientations_iPhone = "UIInterfaceOrientationPortrait UIInterfaceOrientationLandscapeLeft UIInterfaceOrientationLandscapeRight";
				LD_RUNPATH_SEARCH_PATHS = (
					"$(inherited)",
					"@executable_path/Frameworks",
				);
				MARKETING_VERSION = 1.0;
				PRODUCT_BUNDLE_IDENTIFIER = com.gabrielcastro.MyCV;
				PRODUCT_NAME = "$(TARGET_NAME)";
				PROVISIONING_PROFILE_SPECIFIER = "";
				SWIFT_EMIT_LOC_STRINGS = YES;
				SWIFT_VERSION = 5.0;
				TARGETED_DEVICE_FAMILY = "1,2";
			};
			name = Debug;
		};
		B61E39912B3C3D7200188261 /* Release */ = {
			isa = XCBuildConfiguration;
			buildSettings = {
				ASSETCATALOG_COMPILER_APPICON_NAME = AppIcon;
				ASSETCATALOG_COMPILER_GLOBAL_ACCENT_COLOR_NAME = AccentColor;
				CODE_SIGN_IDENTITY = "Apple Development";
				CODE_SIGN_STYLE = Automatic;
				CURRENT_PROJECT_VERSION = 1;
				DEVELOPMENT_ASSET_PATHS = "\"MyCV/Preview Content\"";
				DEVELOPMENT_TEAM = BWT3NJX9MX;
				ENABLE_PREVIEWS = YES;
				GENERATE_INFOPLIST_FILE = YES;
				INFOPLIST_KEY_UIApplicationSceneManifest_Generation = YES;
				INFOPLIST_KEY_UIApplicationSupportsIndirectInputEvents = YES;
				INFOPLIST_KEY_UILaunchScreen_Generation = YES;
				INFOPLIST_KEY_UISupportedInterfaceOrientations_iPad = "UIInterfaceOrientationPortrait UIInterfaceOrientationPortraitUpsideDown UIInterfaceOrientationLandscapeLeft UIInterfaceOrientationLandscapeRight";
				INFOPLIST_KEY_UISupportedInterfaceOrientations_iPhone = "UIInterfaceOrientationPortrait UIInterfaceOrientationLandscapeLeft UIInterfaceOrientationLandscapeRight";
				LD_RUNPATH_SEARCH_PATHS = (
					"$(inherited)",
					"@executable_path/Frameworks",
				);
				MARKETING_VERSION = 1.0;
				PRODUCT_BUNDLE_IDENTIFIER = com.gabrielcastro.MyCV;
				PRODUCT_NAME = "$(TARGET_NAME)";
				PROVISIONING_PROFILE_SPECIFIER = "";
				SWIFT_EMIT_LOC_STRINGS = YES;
				SWIFT_VERSION = 5.0;
				TARGETED_DEVICE_FAMILY = "1,2";
			};
			name = Release;
		};
		B61E39932B3C3D7200188261 /* Debug */ = {
			isa = XCBuildConfiguration;
			buildSettings = {
				ALWAYS_EMBED_SWIFT_STANDARD_LIBRARIES = YES;
				BUNDLE_LOADER = "$(TEST_HOST)";
				CODE_SIGN_STYLE = Automatic;
				CURRENT_PROJECT_VERSION = 1;
				DEVELOPMENT_TEAM = BWT3NJX9MX;
				GENERATE_INFOPLIST_FILE = YES;
				IPHONEOS_DEPLOYMENT_TARGET = 17.2;
				MARKETING_VERSION = 1.0;
				PRODUCT_BUNDLE_IDENTIFIER = com.gabrielcastro.MyCVTests;
				PRODUCT_NAME = "$(TARGET_NAME)";
				SWIFT_EMIT_LOC_STRINGS = NO;
				SWIFT_VERSION = 5.0;
				TARGETED_DEVICE_FAMILY = "1,2";
				TEST_HOST = "$(BUILT_PRODUCTS_DIR)/MyCV.app/$(BUNDLE_EXECUTABLE_FOLDER_PATH)/MyCV";
			};
			name = Debug;
		};
		B61E39942B3C3D7200188261 /* Release */ = {
			isa = XCBuildConfiguration;
			buildSettings = {
				ALWAYS_EMBED_SWIFT_STANDARD_LIBRARIES = YES;
				BUNDLE_LOADER = "$(TEST_HOST)";
				CODE_SIGN_STYLE = Automatic;
				CURRENT_PROJECT_VERSION = 1;
				DEVELOPMENT_TEAM = BWT3NJX9MX;
				GENERATE_INFOPLIST_FILE = YES;
				IPHONEOS_DEPLOYMENT_TARGET = 17.2;
				MARKETING_VERSION = 1.0;
				PRODUCT_BUNDLE_IDENTIFIER = com.gabrielcastro.MyCVTests;
				PRODUCT_NAME = "$(TARGET_NAME)";
				SWIFT_EMIT_LOC_STRINGS = NO;
				SWIFT_VERSION = 5.0;
				TARGETED_DEVICE_FAMILY = "1,2";
				TEST_HOST = "$(BUILT_PRODUCTS_DIR)/MyCV.app/$(BUNDLE_EXECUTABLE_FOLDER_PATH)/MyCV";
			};
			name = Release;
		};
		B61E39962B3C3D7200188261 /* Debug */ = {
			isa = XCBuildConfiguration;
			buildSettings = {
				ALWAYS_EMBED_SWIFT_STANDARD_LIBRARIES = YES;
				CODE_SIGN_STYLE = Automatic;
				CURRENT_PROJECT_VERSION = 1;
				DEVELOPMENT_TEAM = BWT3NJX9MX;
				GENERATE_INFOPLIST_FILE = YES;
				MARKETING_VERSION = 1.0;
				PRODUCT_BUNDLE_IDENTIFIER = com.gabrielcastro.MyCVUITests;
				PRODUCT_NAME = "$(TARGET_NAME)";
				SWIFT_EMIT_LOC_STRINGS = NO;
				SWIFT_VERSION = 5.0;
				TARGETED_DEVICE_FAMILY = "1,2";
				TEST_TARGET_NAME = MyCV;
			};
			name = Debug;
		};
		B61E39972B3C3D7200188261 /* Release */ = {
			isa = XCBuildConfiguration;
			buildSettings = {
				ALWAYS_EMBED_SWIFT_STANDARD_LIBRARIES = YES;
				CODE_SIGN_STYLE = Automatic;
				CURRENT_PROJECT_VERSION = 1;
				DEVELOPMENT_TEAM = BWT3NJX9MX;
				GENERATE_INFOPLIST_FILE = YES;
				MARKETING_VERSION = 1.0;
				PRODUCT_BUNDLE_IDENTIFIER = com.gabrielcastro.MyCVUITests;
				PRODUCT_NAME = "$(TARGET_NAME)";
				SWIFT_EMIT_LOC_STRINGS = NO;
				SWIFT_VERSION = 5.0;
				TARGETED_DEVICE_FAMILY = "1,2";
				TEST_TARGET_NAME = MyCV;
			};
			name = Release;
		};
/* End XCBuildConfiguration section */

/* Begin XCConfigurationList section */
		B61E39662B3C3D6F00188261 /* Build configuration list for PBXProject "MyCV" */ = {
			isa = XCConfigurationList;
			buildConfigurations = (
				B61E398D2B3C3D7200188261 /* Debug */,
				B61E398E2B3C3D7200188261 /* Release */,
			);
			defaultConfigurationIsVisible = 0;
			defaultConfigurationName = Release;
		};
		B61E398F2B3C3D7200188261 /* Build configuration list for PBXNativeTarget "MyCV" */ = {
			isa = XCConfigurationList;
			buildConfigurations = (
				B61E39902B3C3D7200188261 /* Debug */,
				B61E39912B3C3D7200188261 /* Release */,
			);
			defaultConfigurationIsVisible = 0;
			defaultConfigurationName = Release;
		};
		B61E39922B3C3D7200188261 /* Build configuration list for PBXNativeTarget "MyCVTests" */ = {
			isa = XCConfigurationList;
			buildConfigurations = (
				B61E39932B3C3D7200188261 /* Debug */,
				B61E39942B3C3D7200188261 /* Release */,
			);
			defaultConfigurationIsVisible = 0;
			defaultConfigurationName = Release;
		};
		B61E39952B3C3D7200188261 /* Build configuration list for PBXNativeTarget "MyCVUITests" */ = {
			isa = XCConfigurationList;
			buildConfigurations = (
				B61E39962B3C3D7200188261 /* Debug */,
				B61E39972B3C3D7200188261 /* Release */,
			);
			defaultConfigurationIsVisible = 0;
			defaultConfigurationName = Release;
		};
/* End XCConfigurationList section */
	};
	rootObject = B61E39632B3C3D6F00188261 /* Project object */;
}
